// !$*UTF8*$!
{
	archiveVersion = 1;
	classes = {
	};
	objectVersion = 60;
	objects = {

/* Begin PBXBuildFile section */
		0F6037B8C9D12E63F4075186 /* PhrasePracticeView.swift in Sources */ = {isa = PBXBuildFile; fileRef = 9E5F26A7B8C01D52E3F64075 /* PhrasePracticeView.swift */; };
		14ADDA16C8BA8192DF32DDCB /* TravelModels.swift in Sources */ = {isa = PBXBuildFile; fileRef = F0B0817C4A39A7FA778A2EF2 /* TravelModels.swift */; };
		15AE2A48725895859187A1EE /* Assets.xcassets in Resources */ = {isa = PBXBuildFile; fileRef = D05B4AE1B372EBCDE50BBC15 /* Assets.xcassets */; };
		20E8272358B802202302C745 /* ContentView.swift in Sources */ = {isa = PBXBuildFile; fileRef = EBE13668E585BA662656BE1C /* ContentView.swift */; };
		26B1C85375414A5DCFFEE725 /* DestinationDetailView.swift in Sources */ = {isa = PBXBuildFile; fileRef = 6F88744929C60C317D3AAF2E /* DestinationDetailView.swift */; };
		2B8259D0E1F3408516297308 /* ItineraryView.swift in Sources */ = {isa = PBXBuildFile; fileRef = 1A7148C9D0E23F7405186297 /* ItineraryView.swift */; };
		2F9FE91DF436F32A610D376F /* Main.storyboard in Resources */ = {isa = PBXBuildFile; fileRef = FDBD32E0B20DF888754D8456 /* Main.storyboard */; };
		30DDEBDA0DA406FD94F50391 /* AppLinks.swift in Sources */ = {isa = PBXBuildFile; fileRef = AD02B66156C224B20C4F611E /* AppLinks.swift */; };
		3A635887BE54170D61CBBD26 /* TicketCard.swift in Sources */ = {isa = PBXBuildFile; fileRef = 3B06CB75AEEC0E8736FDDABC /* TicketCard.swift */; };
		46D8B4E6CFA95449B1AC0F87 /* AppTheme.swift in Sources */ = {isa = PBXBuildFile; fileRef = CA5BAB508844B7C9DE27383E /* AppTheme.swift */; };
		4D0471F2A3B5620738419520 /* VisitJournalView.swift in Sources */ = {isa = PBXBuildFile; fileRef = 3C9360E1F2A4519627308419 /* VisitJournalView.swift */; };
		4F10C3D1EEB273352E92D69E /* TaskFormView.swift in Sources */ = {isa = PBXBuildFile; fileRef = DA828D9371803C1444357B9A /* TaskFormView.swift */; };
		5E6E48373B7915508C7E0BF7 /* AppDelegate.swift in Sources */ = {isa = PBXBuildFile; fileRef = B02AD77067DC24E91E2866CB /* AppDelegate.swift */; };
		6B2C93D4E5F78A29B0C31D42 /* CoverImageStore.swift in Sources */ = {isa = PBXBuildFile; fileRef = 5A1B82C3D4E67F18A9B20C31 /* CoverImageStore.swift */; };
		6BBE9B97AFF746FD669ABF2A /* DestinationFormView.swift in Sources */ = {isa = PBXBuildFile; fileRef = 3D843CFC0F9AF23A07FEF16B /* DestinationFormView.swift */; };
		8C8F4FA2A9E8773FC2996153 /* AppStorage.swift in Sources */ = {isa = PBXBuildFile; fileRef = 398EE4350DD3BFBDD28A0BCF /* AppStorage.swift */; };
		8D4E15F6A7B90C41D2E53F64 /* TripReminderScheduler.swift in Sources */ = {isa = PBXBuildFile; fileRef = 7C3D04E5F6A89B30C1D42E53 /* TripReminderScheduler.swift */; };
		A7E14C92B6D05F18C3A29B41 /* KeyboardDismiss.swift in Sources */ = {isa = PBXBuildFile; fileRef = 1C8D47B0E9A25F64D1B38C70 /* KeyboardDismiss.swift */; };
		B8F25D03C7E16A29D4B30C52 /* StatsView.swift in Sources */ = {isa = PBXBuildFile; fileRef = 2D9E58C1F0B36A75E2C49D81 /* StatsView.swift */; };
		C6AB0836E89CAC7ABC5A86C8 /* PhraseFormView.swift in Sources */ = {isa = PBXBuildFile; fileRef = 81BF3ABB6FC0B38ED736B34F /* PhraseFormView.swift */; };
		CA63F47EEE599358B1756EB6 /* PhrasesView.swift in Sources */ = {isa = PBXBuildFile; fileRef = 935F859FDBFF2CBE28A0B09A /* PhrasesView.swift */; };
		CF08EFC0075A78F1C50A7A5C /* ScreenBackground.swift in Sources */ = {isa = PBXBuildFile; fileRef = 41B0AF04854F6C24D0EE1E7F /* ScreenBackground.swift */; };
		D6C494D2D226BA37A8FBF27A /* SettingsView.swift in Sources */ = {isa = PBXBuildFile; fileRef = AFB93422570B73428ADA4D91 /* SettingsView.swift */; };
		E72B002B0C3102F86804142B /* TripTasksView.swift in Sources */ = {isa = PBXBuildFile; fileRef = 5B6D762737E83F94CF8A4470 /* TripTasksView.swift */; };
		E8FF4E9293E0C1F53CD2475D /* SceneDelegate.swift in Sources */ = {isa = PBXBuildFile; fileRef = E71ABC32134A6477F577DFE7 /* SceneDelegate.swift */; };
		EB32ED08146E07D2DA99BB26 /* LaunchScreen.storyboard in Resources */ = {isa = PBXBuildFile; fileRef = 52FEFAAC35AF2CF897C812F4 /* LaunchScreen.storyboard */; };
		FC16D68392EA8E10A8C47086 /* PrivacyInfo.xcprivacy in Resources */ = {isa = PBXBuildFile; fileRef = 6F20246149AC759757008583 /* PrivacyInfo.xcprivacy */; };
/* End PBXBuildFile section */

/* Begin PBXFileReference section */
		1A7148C9D0E23F7405186297 /* ItineraryView.swift */ = {isa = PBXFileReference; lastKnownFileType = sourcecode.swift; path = ItineraryView.swift; sourceTree = "<group>"; };
		1C8D47B0E9A25F64D1B38C70 /* KeyboardDismiss.swift */ = {isa = PBXFileReference; lastKnownFileType = sourcecode.swift; path = KeyboardDismiss.swift; sourceTree = "<group>"; };
		2D9E58C1F0B36A75E2C49D81 /* StatsView.swift */ = {isa = PBXFileReference; lastKnownFileType = sourcecode.swift; path = StatsView.swift; sourceTree = "<group>"; };
		36B3BE5CED064EE7543F3826 /* Pods-VoyantreeTravelCompass.debug.xcconfig */ = {isa = PBXFileReference; includeInIndex = 1; lastKnownFileType = text.xcconfig; name = "Pods-VoyantreeTravelCompass.debug.xcconfig"; path = "Target Support Files/Pods-VoyantreeTravelCompass/Pods-VoyantreeTravelCompass.debug.xcconfig"; sourceTree = "<group>"; };
		398EE4350DD3BFBDD28A0BCF /* AppStorage.swift */ = {isa = PBXFileReference; lastKnownFileType = sourcecode.swift; path = AppStorage.swift; sourceTree = "<group>"; };
		3B06CB75AEEC0E8736FDDABC /* TicketCard.swift */ = {isa = PBXFileReference; lastKnownFileType = sourcecode.swift; path = TicketCard.swift; sourceTree = "<group>"; };
		3BFB0032058DA501D0E285A4 /* Pods_VoyantreeTravelCompass.framework */ = {isa = PBXFileReference; explicitFileType = wrapper.framework; includeInIndex = 0; path = Pods_VoyantreeTravelCompass.framework; sourceTree = BUILT_PRODUCTS_DIR; };
		3C9360E1F2A4519627308419 /* VisitJournalView.swift */ = {isa = PBXFileReference; lastKnownFileType = sourcecode.swift; path = VisitJournalView.swift; sourceTree = "<group>"; };
		3D843CFC0F9AF23A07FEF16B /* DestinationFormView.swift */ = {isa = PBXFileReference; lastKnownFileType = sourcecode.swift; path = DestinationFormView.swift; sourceTree = "<group>"; };
		41B0AF04854F6C24D0EE1E7F /* ScreenBackground.swift */ = {isa = PBXFileReference; lastKnownFileType = sourcecode.swift; path = ScreenBackground.swift; sourceTree = "<group>"; };
		52FEFAAC35AF2CF897C812F4 /* LaunchScreen.storyboard */ = {isa = PBXFileReference; lastKnownFileType = file.storyboard; path = LaunchScreen.storyboard; sourceTree = "<group>"; };
		5A1B82C3D4E67F18A9B20C31 /* CoverImageStore.swift */ = {isa = PBXFileReference; lastKnownFileType = sourcecode.swift; path = CoverImageStore.swift; sourceTree = "<group>"; };
		5B6D762737E83F94CF8A4470 /* TripTasksView.swift */ = {isa = PBXFileReference; lastKnownFileType = sourcecode.swift; path = TripTasksView.swift; sourceTree = "<group>"; };
		6F20246149AC759757008583 /* PrivacyInfo.xcprivacy */ = {isa = PBXFileReference; lastKnownFileType = text.xml; path = PrivacyInfo.xcprivacy; sourceTree = "<group>"; };
		6F88744929C60C317D3AAF2E /* DestinationDetailView.swift */ = {isa = PBXFileReference; lastKnownFileType = sourcecode.swift; path = DestinationDetailView.swift; sourceTree = "<group>"; };
		7C3D04E5F6A89B30C1D42E53 /* TripReminderScheduler.swift */ = {isa = PBXFileReference; lastKnownFileType = sourcecode.swift; path = TripReminderScheduler.swift; sourceTree = "<group>"; };
		7F1EBF6474C21ABE2EF53CBD /* Pods-VoyantreeTravelCompass.release.xcconfig */ = {isa = PBXFileReference; includeInIndex = 1; lastKnownFileType = text.xcconfig; name = "Pods-VoyantreeTravelCompass.release.xcconfig"; path = "Target Support Files/Pods-VoyantreeTravelCompass/Pods-VoyantreeTravelCompass.release.xcconfig"; sourceTree = "<group>"; };
		81BF3ABB6FC0B38ED736B34F /* PhraseFormView.swift */ = {isa = PBXFileReference; lastKnownFileType = sourcecode.swift; path = PhraseFormView.swift; sourceTree = "<group>"; };
		935F859FDBFF2CBE28A0B09A /* PhrasesView.swift */ = {isa = PBXFileReference; lastKnownFileType = sourcecode.swift; path = PhrasesView.swift; sourceTree = "<group>"; };
		9E5F26A7B8C01D52E3F64075 /* PhrasePracticeView.swift */ = {isa = PBXFileReference; lastKnownFileType = sourcecode.swift; path = PhrasePracticeView.swift; sourceTree = "<group>"; };
		A4612B567CFE63D5FCE5459A /* Info.plist */ = {isa = PBXFileReference; lastKnownFileType = text.plist.xml; path = Info.plist; sourceTree = "<group>"; };
		AD02B66156C224B20C4F611E /* AppLinks.swift */ = {isa = PBXFileReference; lastKnownFileType = sourcecode.swift; path = AppLinks.swift; sourceTree = "<group>"; };
		AFB93422570B73428ADA4D91 /* SettingsView.swift */ = {isa = PBXFileReference; lastKnownFileType = sourcecode.swift; path = SettingsView.swift; sourceTree = "<group>"; };
		B02AD77067DC24E91E2866CB /* AppDelegate.swift */ = {isa = PBXFileReference; lastKnownFileType = sourcecode.swift; path = AppDelegate.swift; sourceTree = "<group>"; };
		CA5BAB508844B7C9DE27383E /* AppTheme.swift */ = {isa = PBXFileReference; lastKnownFileType = sourcecode.swift; path = AppTheme.swift; sourceTree = "<group>"; };
		D05B4AE1B372EBCDE50BBC15 /* Assets.xcassets */ = {isa = PBXFileReference; lastKnownFileType = folder.assetcatalog; path = Assets.xcassets; sourceTree = "<group>"; };
		D9EBEF38D12016202D143C48 /* VoyantreeTravelCompass.app */ = {isa = PBXFileReference; explicitFileType = wrapper.application; includeInIndex = 0; path = VoyantreeTravelCompass.app; sourceTree = BUILT_PRODUCTS_DIR; };
		DA828D9371803C1444357B9A /* TaskFormView.swift */ = {isa = PBXFileReference; lastKnownFileType = sourcecode.swift; path = TaskFormView.swift; sourceTree = "<group>"; };
		E71ABC32134A6477F577DFE7 /* SceneDelegate.swift */ = {isa = PBXFileReference; lastKnownFileType = sourcecode.swift; path = SceneDelegate.swift; sourceTree = "<group>"; };
		EBE13668E585BA662656BE1C /* ContentView.swift */ = {isa = PBXFileReference; lastKnownFileType = sourcecode.swift; path = ContentView.swift; sourceTree = "<group>"; };
		F0B0817C4A39A7FA778A2EF2 /* TravelModels.swift */ = {isa = PBXFileReference; lastKnownFileType = sourcecode.swift; path = TravelModels.swift; sourceTree = "<group>"; };
		FDBD32E0B20DF888754D8456 /* Main.storyboard */ = {isa = PBXFileReference; lastKnownFileType = file.storyboard; path = Main.storyboard; sourceTree = "<group>"; };
/* End PBXFileReference section */

/* Begin PBXFrameworksBuildPhase section */
		97503F1003DE2797BCA23F80 /* Frameworks */ = {
			isa = PBXFrameworksBuildPhase;
			buildActionMask = 2147483647;
			files = (
			);
			runOnlyForDeploymentPostprocessing = 0;
		};
/* End PBXFrameworksBuildPhase section */

/* Begin PBXGroup section */
		19FC650A11A4E85533FBEFD3 /* Resources */ = {
			isa = PBXGroup;
			children = (
				D05B4AE1B372EBCDE50BBC15 /* Assets.xcassets */,
				6F20246149AC759757008583 /* PrivacyInfo.xcprivacy */,
			);
			path = Resources;
			sourceTree = "<group>";
		};
		2CF6F16D789DC8D46CE5DC81 /* Destinations */ = {
			isa = PBXGroup;
			children = (
				6F88744929C60C317D3AAF2E /* DestinationDetailView.swift */,
				3D843CFC0F9AF23A07FEF16B /* DestinationFormView.swift */,
				1A7148C9D0E23F7405186297 /* ItineraryView.swift */,
				3C9360E1F2A4519627308419 /* VisitJournalView.swift */,
			);
			path = Destinations;
			sourceTree = "<group>";
		};
		41A44823F7237489EBD01219 /* Tasks */ = {
			isa = PBXGroup;
			children = (
				DA828D9371803C1444357B9A /* TaskFormView.swift */,
				5B6D762737E83F94CF8A4470 /* TripTasksView.swift */,
			);
			path = Tasks;
			sourceTree = "<group>";
		};
		4E1A69D4F2B87C46F1D70A92 /* Stats */ = {
			isa = PBXGroup;
			children = (
				2D9E58C1F0B36A75E2C49D81 /* StatsView.swift */,
			);
			path = Stats;
			sourceTree = "<group>";
		};
		66B250C06A200D3BDCED7B19 /* Settings */ = {
			isa = PBXGroup;
			children = (
				AFB93422570B73428ADA4D91 /* SettingsView.swift */,
			);
			path = Settings;
			sourceTree = "<group>";
		};
		6756F263489BF60EAAC473FB /* Frameworks */ = {
			isa = PBXGroup;
			children = (
				3BFB0032058DA501D0E285A4 /* Pods_VoyantreeTravelCompass.framework */,
			);
			name = Frameworks;
			sourceTree = "<group>";
		};
		79204F87D4FD6B17B65F98F2 /* Theme */ = {
			isa = PBXGroup;
			children = (
				CA5BAB508844B7C9DE27383E /* AppTheme.swift */,
			);
			path = Theme;
			sourceTree = "<group>";
		};
		888A37BB9E45ADCD3C025F55 /* Pods */ = {
			isa = PBXGroup;
			children = (
				36B3BE5CED064EE7543F3826 /* Pods-VoyantreeTravelCompass.debug.xcconfig */,
				7F1EBF6474C21ABE2EF53CBD /* Pods-VoyantreeTravelCompass.release.xcconfig */,
			);
			path = Pods;
			sourceTree = "<group>";
		};
		95E44462369097EDAA359984 /* Phrases */ = {
			isa = PBXGroup;
			children = (
				81BF3ABB6FC0B38ED736B34F /* PhraseFormView.swift */,
				935F859FDBFF2CBE28A0B09A /* PhrasesView.swift */,
				9E5F26A7B8C01D52E3F64075 /* PhrasePracticeView.swift */,
			);
			path = Phrases;
			sourceTree = "<group>";
		};
		A3975DCFB0FA4BB6CA7D775C /* VoyantreeTravelCompass */ = {
			isa = PBXGroup;
			children = (
				EEC56DCFBDB887BBB2DD9A8B /* App */,
				DF7E63F7A59AC6705093DB22 /* Components */,
				B851EEF6C4787586FFD0D787 /* Models */,
				F5C783BEA5C179E6C7FD8666 /* Persistence */,
				19FC650A11A4E85533FBEFD3 /* Resources */,
				79204F87D4FD6B17B65F98F2 /* Theme */,
				DE9673F13FD06F14E48E33D5 /* Utilities */,
				B6908AF55318A76DB1D3C058 /* Views */,
			);
			path = VoyantreeTravelCompass;
			sourceTree = "<group>";
		};
		B6908AF55318A76DB1D3C058 /* Views */ = {
			isa = PBXGroup;
			children = (
				EBE13668E585BA662656BE1C /* ContentView.swift */,
				2CF6F16D789DC8D46CE5DC81 /* Destinations */,
				95E44462369097EDAA359984 /* Phrases */,
				66B250C06A200D3BDCED7B19 /* Settings */,
				4E1A69D4F2B87C46F1D70A92 /* Stats */,
				41A44823F7237489EBD01219 /* Tasks */,
			);
			path = Views;
			sourceTree = "<group>";
		};
		B851EEF6C4787586FFD0D787 /* Models */ = {
			isa = PBXGroup;
			children = (
				F0B0817C4A39A7FA778A2EF2 /* TravelModels.swift */,
			);
			path = Models;
			sourceTree = "<group>";
		};
		DE9673F13FD06F14E48E33D5 /* Utilities */ = {
			isa = PBXGroup;
			children = (
				AD02B66156C224B20C4F611E /* AppLinks.swift */,
				5A1B82C3D4E67F18A9B20C31 /* CoverImageStore.swift */,
				1C8D47B0E9A25F64D1B38C70 /* KeyboardDismiss.swift */,
				41B0AF04854F6C24D0EE1E7F /* ScreenBackground.swift */,
				7C3D04E5F6A89B30C1D42E53 /* TripReminderScheduler.swift */,
			);
			path = Utilities;
			sourceTree = "<group>";
		};
		DF7E63F7A59AC6705093DB22 /* Components */ = {
			isa = PBXGroup;
			children = (
				3B06CB75AEEC0E8736FDDABC /* TicketCard.swift */,
			);
			path = Components;
			sourceTree = "<group>";
		};
		E7EC53FB3426AE90D0A94173 /* Products */ = {
			isa = PBXGroup;
			children = (
				D9EBEF38D12016202D143C48 /* VoyantreeTravelCompass.app */,
			);
			name = Products;
			sourceTree = "<group>";
		};
		EEC56DCFBDB887BBB2DD9A8B /* App */ = {
			isa = PBXGroup;
			children = (
				B02AD77067DC24E91E2866CB /* AppDelegate.swift */,
				A4612B567CFE63D5FCE5459A /* Info.plist */,
				52FEFAAC35AF2CF897C812F4 /* LaunchScreen.storyboard */,
				FDBD32E0B20DF888754D8456 /* Main.storyboard */,
				E71ABC32134A6477F577DFE7 /* SceneDelegate.swift */,
			);
			path = App;
			sourceTree = "<group>";
		};
		F27FFB670F4CA14DCF791DE3 = {
			isa = PBXGroup;
			children = (
				A3975DCFB0FA4BB6CA7D775C /* VoyantreeTravelCompass */,
				E7EC53FB3426AE90D0A94173 /* Products */,
				888A37BB9E45ADCD3C025F55 /* Pods */,
				6756F263489BF60EAAC473FB /* Frameworks */,
			);
			sourceTree = "<group>";
		};
		F5C783BEA5C179E6C7FD8666 /* Persistence */ = {
			isa = PBXGroup;
			children = (
				398EE4350DD3BFBDD28A0BCF /* AppStorage.swift */,
			);
			path = Persistence;
			sourceTree = "<group>";
		};
/* End PBXGroup section */

/* Begin PBXNativeTarget section */
		FBB2E39CDFB8BCCD100AB5C5 /* VoyantreeTravelCompass */ = {
			isa = PBXNativeTarget;
			buildConfigurationList = B924537ABE192B15A797926C /* Build configuration list for PBXNativeTarget "VoyantreeTravelCompass" */;
			buildPhases = (
				77FC911968941F0B2A4FBD51 /* [CP] Check Pods Manifest.lock */,
				9CD5329C1B8A7D4666BFB82D /* Sources */,
				97503F1003DE2797BCA23F80 /* Frameworks */,
				35A0B4393C0915CF5D5D2F3A /* Resources */,
			);
			buildRules = (
			);
			dependencies = (
			);
			name = VoyantreeTravelCompass;
			productName = VoyantreeTravelCompass;
			productReference = D9EBEF38D12016202D143C48 /* VoyantreeTravelCompass.app */;
			productType = "com.apple.product-type.application";
		};
/* End PBXNativeTarget section */

/* Begin PBXProject section */
		2A8F12C60DA6DA022859D3A7 /* Project object */ = {
			isa = PBXProject;
			attributes = {
				BuildIndependentTargetsInParallel = 1;
				LastSwiftUpdateCheck = 1500;
				LastUpgradeCheck = 1500;
				TargetAttributes = {
					FBB2E39CDFB8BCCD100AB5C5 = {
						CreatedOnToolsVersion = 15.0;
					};
				};
			};
			buildConfigurationList = E43D19B7B2B87E95658C0B43 /* Build configuration list for PBXProject "VoyantreeTravelCompass" */;
			compatibilityVersion = "Xcode 15.0";
			developmentRegion = en;
			hasScannedForEncodings = 0;
			knownRegions = (
				en,
				Base,
			);
			mainGroup = F27FFB670F4CA14DCF791DE3;
			productRefGroup = E7EC53FB3426AE90D0A94173 /* Products */;
			projectDirPath = "";
			projectRoot = "";
			targets = (
				FBB2E39CDFB8BCCD100AB5C5 /* VoyantreeTravelCompass */,
			);
		};
/* End PBXProject section */

/* Begin PBXResourcesBuildPhase section */
		35A0B4393C0915CF5D5D2F3A /* Resources */ = {
			isa = PBXResourcesBuildPhase;
			buildActionMask = 2147483647;
			files = (
				EB32ED08146E07D2DA99BB26 /* LaunchScreen.storyboard in Resources */,
				2F9FE91DF436F32A610D376F /* Main.storyboard in Resources */,
				15AE2A48725895859187A1EE /* Assets.xcassets in Resources */,
				FC16D68392EA8E10A8C47086 /* PrivacyInfo.xcprivacy in Resources */,
			);
			runOnlyForDeploymentPostprocessing = 0;
		};
/* End PBXResourcesBuildPhase section */

/* Begin PBXShellScriptBuildPhase section */
		77FC911968941F0B2A4FBD51 /* [CP] Check Pods Manifest.lock */ = {
			isa = PBXShellScriptBuildPhase;
			buildActionMask = 2147483647;
			files = (
			);
			inputFileListPaths = (
			);
			inputPaths = (
				"${PODS_PODFILE_DIR_PATH}/Podfile.lock",
				"${PODS_ROOT}/Manifest.lock",
			);
			name = "[CP] Check Pods Manifest.lock";
			outputFileListPaths = (
			);
			outputPaths = (
				"$(DERIVED_FILE_DIR)/Pods-VoyantreeTravelCompass-checkManifestLockResult.txt",
			);
			runOnlyForDeploymentPostprocessing = 0;
			shellPath = /bin/sh;
			shellScript = "diff \"${PODS_PODFILE_DIR_PATH}/Podfile.lock\" \"${PODS_ROOT}/Manifest.lock\" > /dev/null\nif [ $? != 0 ] ; then\n    # print error to STDERR\n    echo \"error: The sandbox is not in sync with the Podfile.lock. Run 'pod install' or update your CocoaPods installation.\" >&2\n    exit 1\nfi\n# This output is used by Xcode 'outputs' to avoid re-running this script phase.\necho \"SUCCESS\" > \"${SCRIPT_OUTPUT_FILE_0}\"\n";
			showEnvVarsInLog = 0;
		};
/* End PBXShellScriptBuildPhase section */

/* Begin PBXSourcesBuildPhase section */
		9CD5329C1B8A7D4666BFB82D /* Sources */ = {
			isa = PBXSourcesBuildPhase;
			buildActionMask = 2147483647;
			files = (
				5E6E48373B7915508C7E0BF7 /* AppDelegate.swift in Sources */,
				E8FF4E9293E0C1F53CD2475D /* SceneDelegate.swift in Sources */,
				3A635887BE54170D61CBBD26 /* TicketCard.swift in Sources */,
				14ADDA16C8BA8192DF32DDCB /* TravelModels.swift in Sources */,
				8C8F4FA2A9E8773FC2996153 /* AppStorage.swift in Sources */,
				46D8B4E6CFA95449B1AC0F87 /* AppTheme.swift in Sources */,
				30DDEBDA0DA406FD94F50391 /* AppLinks.swift in Sources */,
				CF08EFC0075A78F1C50A7A5C /* ScreenBackground.swift in Sources */,
				A7E14C92B6D05F18C3A29B41 /* KeyboardDismiss.swift in Sources */,
				B8F25D03C7E16A29D4B30C52 /* StatsView.swift in Sources */,
				6B2C93D4E5F78A29B0C31D42 /* CoverImageStore.swift in Sources */,
				8D4E15F6A7B90C41D2E53F64 /* TripReminderScheduler.swift in Sources */,
				0F6037B8C9D12E63F4075186 /* PhrasePracticeView.swift in Sources */,
				2B8259D0E1F3408516297308 /* ItineraryView.swift in Sources */,
				4D0471F2A3B5620738419520 /* VisitJournalView.swift in Sources */,
				20E8272358B802202302C745 /* ContentView.swift in Sources */,
				26B1C85375414A5DCFFEE725 /* DestinationDetailView.swift in Sources */,
				6BBE9B97AFF746FD669ABF2A /* DestinationFormView.swift in Sources */,
				C6AB0836E89CAC7ABC5A86C8 /* PhraseFormView.swift in Sources */,
				CA63F47EEE599358B1756EB6 /* PhrasesView.swift in Sources */,
				D6C494D2D226BA37A8FBF27A /* SettingsView.swift in Sources */,
				4F10C3D1EEB273352E92D69E /* TaskFormView.swift in Sources */,
				E72B002B0C3102F86804142B /* TripTasksView.swift in Sources */,
			);
			runOnlyForDeploymentPostprocessing = 0;
		};
/* End PBXSourcesBuildPhase section */

/* Begin XCBuildConfiguration section */
		25078ACA244ABB87C41F39DF /* Debug */ = {
			isa = XCBuildConfiguration;
			baseConfigurationReference = 36B3BE5CED064EE7543F3826 /* Pods-VoyantreeTravelCompass.debug.xcconfig */;
			buildSettings = {
				ASSETCATALOG_COMPILER_APPICON_NAME = AppIcon;
				ASSETCATALOG_COMPILER_GLOBAL_ACCENT_COLOR_NAME = AccentColor;
				CODE_SIGN_STYLE = Automatic;
				CURRENT_PROJECT_VERSION = 1;
				GENERATE_INFOPLIST_FILE = YES;
				INFOPLIST_FILE = VoyantreeTravelCompass/App/Info.plist;
				INFOPLIST_KEY_CFBundleDisplayName = "Voyantree Travel Compass";
				INFOPLIST_KEY_UIApplicationSupportsIndirectInputEvents = YES;
				INFOPLIST_KEY_UILaunchStoryboardName = LaunchScreen;
				INFOPLIST_KEY_UISupportedInterfaceOrientations = UIInterfaceOrientationPortrait;
				LD_RUNPATH_SEARCH_PATHS = (
					"$(inherited)",
					"@executable_path/Frameworks",
				);
				MARKETING_VERSION = 1.0;
				PRODUCT_BUNDLE_IDENTIFIER = com.van.v0y3ntr33tr8v3lc0mp3ss;
				PRODUCT_NAME = "$(TARGET_NAME)";
				SUPPORTED_PLATFORMS = "iphoneos iphonesimulator";
				SUPPORTS_MACCATALYST = NO;
				SUPPORTS_MAC_DESIGNED_FOR_IPHONE_IPAD = NO;
				SUPPORTS_XR_DESIGNED_FOR_IPHONE_IPAD = NO;
				SWIFT_EMIT_LOC_STRINGS = YES;
				SWIFT_VERSION = 5.0;
				TARGETED_DEVICE_FAMILY = 1;
			};
			name = Debug;
		};
		70FEAA8DF02AAEF38BE4F8CE /* Release */ = {
			isa = XCBuildConfiguration;
			buildSettings = {
				ALWAYS_SEARCH_USER_PATHS = NO;
				CLANG_ANALYZER_NONNULL = YES;
				CLANG_ANALYZER_NUMBER_OBJECT_CONVERSION = YES_AGGRESSIVE;
				CLANG_CXX_LANGUAGE_STANDARD = "gnu++20";
				CLANG_ENABLE_MODULES = YES;
				CLANG_ENABLE_OBJC_ARC = YES;
				CLANG_ENABLE_OBJC_WEAK = YES;
				CLANG_WARN_BLOCK_CAPTURE_AUTORELEASING = YES;
				CLANG_WARN_BOOL_CONVERSION = YES;
				CLANG_WARN_COMMA = YES;
				CLANG_WARN_CONSTANT_CONVERSION = YES;
				CLANG_WARN_DEPRECATED_OBJC_IMPLEMENTATIONS = YES;
				CLANG_WARN_DIRECT_OBJC_ISA_USAGE = YES_ERROR;
				CLANG_WARN_DOCUMENTATION_COMMENTS = YES;
				CLANG_WARN_EMPTY_BODY = YES;
				CLANG_WARN_ENUM_CONVERSION = YES;
				CLANG_WARN_INFINITE_RECURSION = YES;
				CLANG_WARN_INT_CONVERSION = YES;
				CLANG_WARN_NON_LITERAL_NULL_CONVERSION = YES;
				CLANG_WARN_OBJC_IMPLICIT_RETAIN_SELF = YES;
				CLANG_WARN_OBJC_LITERAL_CONVERSION = YES;
				CLANG_WARN_OBJC_ROOT_CLASS = YES_ERROR;
				CLANG_WARN_QUOTED_INCLUDE_IN_FRAMEWORK_HEADER = YES;
				CLANG_WARN_RANGE_LOOP_ANALYSIS = YES;
				CLANG_WARN_STRICT_PROTOTYPES = YES;
				CLANG_WARN_SUSPICIOUS_MOVE = YES;
				CLANG_WARN_UNGUARDED_AVAILABILITY = YES_AGGRESSIVE;
				CLANG_WARN_UNREACHABLE_CODE = YES;
				CLANG_WARN__DUPLICATE_METHOD_MATCH = YES;
				COPY_PHASE_STRIP = NO;
				DEBUG_INFORMATION_FORMAT = "dwarf-with-dsym";
				ENABLE_NS_ASSERTIONS = NO;
				ENABLE_STRICT_OBJC_MSGSEND = YES;
				GCC_C_LANGUAGE_STANDARD = gnu17;
				GCC_DYNAMIC_NO_PIC = NO;
				GCC_NO_COMMON_BLOCKS = YES;
				GCC_WARN_64_TO_32_BIT_CONVERSION = YES;
				GCC_WARN_ABOUT_RETURN_TYPE = YES_ERROR;
				GCC_WARN_UNDECLARED_SELECTOR = YES;
				GCC_WARN_UNINITIALIZED_AUTOS = YES_AGGRESSIVE;
				GCC_WARN_UNUSED_FUNCTION = YES;
				GCC_WARN_UNUSED_VARIABLE = YES;
				IPHONEOS_DEPLOYMENT_TARGET = 16.0;
				MTL_ENABLE_DEBUG_INFO = NO;
				SDKROOT = iphoneos;
				SWIFT_COMPILATION_MODE = wholemodule;
				SWIFT_OPTIMIZATION_LEVEL = "-O";
				VALIDATE_PRODUCT = YES;
			};
			name = Release;
		};
		CF1F32D01F07CF41F034FE49 /* Debug */ = {
			isa = XCBuildConfiguration;
			buildSettings = {
				ALWAYS_SEARCH_USER_PATHS = NO;
				CLANG_ANALYZER_NONNULL = YES;
				CLANG_ANALYZER_NUMBER_OBJECT_CONVERSION = YES_AGGRESSIVE;
				CLANG_CXX_LANGUAGE_STANDARD = "gnu++20";
				CLANG_ENABLE_MODULES = YES;
				CLANG_ENABLE_OBJC_ARC = YES;
				CLANG_ENABLE_OBJC_WEAK = YES;
				CLANG_WARN_BLOCK_CAPTURE_AUTORELEASING = YES;
				CLANG_WARN_BOOL_CONVERSION = YES;
				CLANG_WARN_COMMA = YES;
				CLANG_WARN_CONSTANT_CONVERSION = YES;
				CLANG_WARN_DEPRECATED_OBJC_IMPLEMENTATIONS = YES;
				CLANG_WARN_DIRECT_OBJC_ISA_USAGE = YES_ERROR;
				CLANG_WARN_DOCUMENTATION_COMMENTS = YES;
				CLANG_WARN_EMPTY_BODY = YES;
				CLANG_WARN_ENUM_CONVERSION = YES;
				CLANG_WARN_INFINITE_RECURSION = YES;
				CLANG_WARN_INT_CONVERSION = YES;
				CLANG_WARN_NON_LITERAL_NULL_CONVERSION = YES;
				CLANG_WARN_OBJC_IMPLICIT_RETAIN_SELF = YES;
				CLANG_WARN_OBJC_LITERAL_CONVERSION = YES;
				CLANG_WARN_OBJC_ROOT_CLASS = YES_ERROR;
				CLANG_WARN_QUOTED_INCLUDE_IN_FRAMEWORK_HEADER = YES;
				CLANG_WARN_RANGE_LOOP_ANALYSIS = YES;
				CLANG_WARN_STRICT_PROTOTYPES = YES;
				CLANG_WARN_SUSPICIOUS_MOVE = YES;
				CLANG_WARN_UNGUARDED_AVAILABILITY = YES_AGGRESSIVE;
				CLANG_WARN_UNREACHABLE_CODE = YES;
				CLANG_WARN__DUPLICATE_METHOD_MATCH = YES;
				COPY_PHASE_STRIP = NO;
				DEBUG_INFORMATION_FORMAT = dwarf;
				ENABLE_STRICT_OBJC_MSGSEND = YES;
				ENABLE_TESTABILITY = YES;
				GCC_C_LANGUAGE_STANDARD = gnu17;
				GCC_DYNAMIC_NO_PIC = NO;
				GCC_NO_COMMON_BLOCKS = YES;
				GCC_WARN_64_TO_32_BIT_CONVERSION = YES;
				GCC_WARN_ABOUT_RETURN_TYPE = YES_ERROR;
				GCC_WARN_UNDECLARED_SELECTOR = YES;
				GCC_WARN_UNINITIALIZED_AUTOS = YES_AGGRESSIVE;
				GCC_WARN_UNUSED_FUNCTION = YES;
				GCC_WARN_UNUSED_VARIABLE = YES;
				IPHONEOS_DEPLOYMENT_TARGET = 16.0;
				MTL_ENABLE_DEBUG_INFO = INCLUDE_SOURCE;
				SDKROOT = iphoneos;
				SWIFT_ACTIVE_COMPILATION_CONDITIONS = "DEBUG $(inherited)";
				SWIFT_OPTIMIZATION_LEVEL = "-Onone";
			};
			name = Debug;
		};
		D81EC8049A5569AC0BA8A7BF /* Release */ = {
			isa = XCBuildConfiguration;
			baseConfigurationReference = 7F1EBF6474C21ABE2EF53CBD /* Pods-VoyantreeTravelCompass.release.xcconfig */;
			buildSettings = {
				ASSETCATALOG_COMPILER_APPICON_NAME = AppIcon;
				ASSETCATALOG_COMPILER_GLOBAL_ACCENT_COLOR_NAME = AccentColor;
				CODE_SIGN_STYLE = Automatic;
				CURRENT_PROJECT_VERSION = 1;
				GENERATE_INFOPLIST_FILE = YES;
				INFOPLIST_FILE = VoyantreeTravelCompass/App/Info.plist;
				INFOPLIST_KEY_CFBundleDisplayName = "Voyantree Travel Compass";
				INFOPLIST_KEY_UIApplicationSupportsIndirectInputEvents = YES;
				INFOPLIST_KEY_UILaunchStoryboardName = LaunchScreen;
				INFOPLIST_KEY_UISupportedInterfaceOrientations = UIInterfaceOrientationPortrait;
				LD_RUNPATH_SEARCH_PATHS = (
					"$(inherited)",
					"@executable_path/Frameworks",
				);
				MARKETING_VERSION = 1.0;
				PRODUCT_BUNDLE_IDENTIFIER = com.van.v0y3ntr33tr8v3lc0mp3ss;
				PRODUCT_NAME = "$(TARGET_NAME)";
				SUPPORTED_PLATFORMS = "iphoneos iphonesimulator";
				SUPPORTS_MACCATALYST = NO;
				SUPPORTS_MAC_DESIGNED_FOR_IPHONE_IPAD = NO;
				SUPPORTS_XR_DESIGNED_FOR_IPHONE_IPAD = NO;
				SWIFT_EMIT_LOC_STRINGS = YES;
				SWIFT_VERSION = 5.0;
				TARGETED_DEVICE_FAMILY = 1;
			};
			name = Release;
		};
/* End XCBuildConfiguration section */

/* Begin XCConfigurationList section */
		B924537ABE192B15A797926C /* Build configuration list for PBXNativeTarget "VoyantreeTravelCompass" */ = {
			isa = XCConfigurationList;
			buildConfigurations = (
				25078ACA244ABB87C41F39DF /* Debug */,
				D81EC8049A5569AC0BA8A7BF /* Release */,
			);
			defaultConfigurationIsVisible = 0;
			defaultConfigurationName = Release;
		};
		E43D19B7B2B87E95658C0B43 /* Build configuration list for PBXProject "VoyantreeTravelCompass" */ = {
			isa = XCConfigurationList;
			buildConfigurations = (
				CF1F32D01F07CF41F034FE49 /* Debug */,
				70FEAA8DF02AAEF38BE4F8CE /* Release */,
			);
			defaultConfigurationIsVisible = 0;
			defaultConfigurationName = Release;
		};
/* End XCConfigurationList section */
	};
	rootObject = 2A8F12C60DA6DA022859D3A7 /* Project object */;
}
